
Microsoft Visual Studio Solution File, Format Version 12.00
# Visual Studio Version 17
VisualStudioVersion = 17.5.33516.290
MinimumVisualStudioVersion = 10.0.40219.1
Project("{9A19103F-16F7-4668-BE54-9A1E7A4F7556}") = "EShop.Presentation", "EShop.Presentation\EShop.Presentation.csproj", "{144586AD-9E7A-4E83-9C2C-6B300A4E7AA0}"
EndProject
Project("{9A19103F-16F7-4668-BE54-9A1E7A4F7556}") = "EShop.Domain", "EShop.Domain\EShop.Domain.csproj", "{16CF336E-82D1-4BCF-A364-B1D6F76B8EB7}"
EndProject
Project("{9A19103F-16F7-4668-BE54-9A1E7A4F7556}") = "EShop.Infrastructure", "EShop.Infrastructure\EShop.Infrastructure.csproj", "{2AC207AB-F137-4143-9D1B-9C0FAD541F89}"
EndProject
Project("{9A19103F-16F7-4668-BE54-9A1E7A4F7556}") = "EShop.Application", "EShop.Application\EShop.Application.csproj", "{9F3AA2CC-90D2-408A-AE2C-47610257B712}"
EndProject
Project("{FAE04EC0-301F-11D3-BF4B-00C04F79EFBC}") = "ArchitectureTests", "ArchitectureTests\ArchitectureTests.csproj", "{2613D572-2579-4AB9-9EEC-475D1988B79E}"
EndProject
Global
	GlobalSection(SolutionConfigurationPlatforms) = preSolution
		Debug|Any CPU = Debug|Any CPU
		Release|Any CPU = Release|Any CPU
	EndGlobalSection
	GlobalSection(ProjectConfigurationPlatforms) = postSolution
		{144586AD-9E7A-4E83-9C2C-6B300A4E7AA0}.Debug|Any CPU.ActiveCfg = Debug|Any CPU
		{144586AD-9E7A-4E83-9C2C-6B300A4E7AA0}.Debug|Any CPU.Build.0 = Debug|Any CPU
		{144586AD-9E7A-4E83-9C2C-6B300A4E7AA0}.Release|Any CPU.ActiveCfg = Release|Any CPU
		{144586AD-9E7A-4E83-9C2C-6B300A4E7AA0}.Release|Any CPU.Build.0 = Release|Any CPU
		{16CF336E-82D1-4BCF-A364-B1D6F76B8EB7}.Debug|Any CPU.ActiveCfg = Debug|Any CPU
		{16CF336E-82D1-4BCF-A364-B1D6F76B8EB7}.Debug|Any CPU.Build.0 = Debug|Any CPU
		{16CF336E-82D1-4BCF-A364-B1D6F76B8EB7}.Release|Any CPU.ActiveCfg = Release|Any CPU
		{16CF336E-82D1-4BCF-A364-B1D6F76B8EB7}.Release|Any CPU.Build.0 = Release|Any CPU
		{2AC207AB-F137-4143-9D1B-9C0FAD541F89}.Debug|Any CPU.ActiveCfg = Debug|Any CPU
		{2AC207AB-F137-4143-9D1B-9C0FAD541F89}.Debug|Any CPU.Build.0 = Debug|Any CPU
		{2AC207AB-F137-4143-9D1B-9C0FAD541F89}.Release|Any CPU.ActiveCfg = Release|Any CPU
		{2AC207AB-F137-4143-9D1B-9C0FAD541F89}.Release|Any CPU.Build.0 = Release|Any CPU
		{9F3AA2CC-90D2-408A-AE2C-47610257B712}.Debug|Any CPU.ActiveCfg = Debug|Any CPU
		{9F3AA2CC-90D2-408A-AE2C-47610257B712}.Debug|Any CPU.Build.0 = Debug|Any CPU
		{9F3AA2CC-90D2-408A-AE2C-47610257B712}.Release|Any CPU.ActiveCfg = Release|Any CPU
		{9F3AA2CC-90D2-408A-AE2C-47610257B712}.Release|Any CPU.Build.0 = Release|Any CPU
		{2613D572-2579-4AB9-9EEC-475D1988B79E}.Debug|Any CPU.ActiveCfg = Debug|Any CPU
		{2613D572-2579-4AB9-9EEC-475D1988B79E}.Debug|Any CPU.Build.0 = Debug|Any CPU
		{2613D572-2579-4AB9-9EEC-475D1988B79E}.Release|Any CPU.ActiveCfg = Release|Any CPU
		{2613D572-2579-4AB9-9EEC-475D1988B79E}.Release|Any CPU.Build.0 = Release|Any CPU
	EndGlobalSection
	GlobalSection(SolutionProperties) = preSolution
		HideSolutionNode = FALSE
	EndGlobalSection
	GlobalSection(ExtensibilityGlobals) = postSolution
		SolutionGuid = {369906F8-CE91-4A07-8A41-61DC9DDECAA5}
	EndGlobalSection
EndGlobal
